// !$*UTF8*$!
{
	archiveVersion = 1;
	classes = {
	};
	objectVersion = 46;
	objects = {

/* Begin PBXBuildFile section */
		726950C51C9EE9CF00CB8BA9 /* AppDelegate.swift in Sources */ = {isa = PBXBuildFile; fileRef = 726950C41C9EE9CF00CB8BA9 /* AppDelegate.swift */; };
		726950C71C9EE9CF00CB8BA9 /* ViewController.swift in Sources */ = {isa = PBXBuildFile; fileRef = 726950C61C9EE9CF00CB8BA9 /* ViewController.swift */; };
		726950CA1C9EE9CF00CB8BA9 /* Main.storyboard in Resources */ = {isa = PBXBuildFile; fileRef = 726950C81C9EE9CF00CB8BA9 /* Main.storyboard */; };
		726950CD1C9EE9CF00CB8BA9 /* MultipleThreadsSample.xcdatamodeld in Sources */ = {isa = PBXBuildFile; fileRef = 726950CB1C9EE9CF00CB8BA9 /* MultipleThreadsSample.xcdatamodeld */; };
		726950CF1C9EE9CF00CB8BA9 /* Assets.xcassets in Resources */ = {isa = PBXBuildFile; fileRef = 726950CE1C9EE9CF00CB8BA9 /* Assets.xcassets */; };
		726950D21C9EE9CF00CB8BA9 /* LaunchScreen.storyboard in Resources */ = {isa = PBXBuildFile; fileRef = 726950D01C9EE9CF00CB8BA9 /* LaunchScreen.storyboard */; };
		726950DD1C9EE9CF00CB8BA9 /* MultipleThreadsSampleTests.swift in Sources */ = {isa = PBXBuildFile; fileRef = 726950DC1C9EE9CF00CB8BA9 /* MultipleThreadsSampleTests.swift */; };
		726950E81C9EE9CF00CB8BA9 /* MultipleThreadsSampleUITests.swift in Sources */ = {isa = PBXBuildFile; fileRef = 726950E71C9EE9CF00CB8BA9 /* MultipleThreadsSampleUITests.swift */; };
		726950F61C9EEBA700CB8BA9 /* TableViewController.swift in Sources */ = {isa = PBXBuildFile; fileRef = 726950F51C9EEBA700CB8BA9 /* TableViewController.swift */; };
		726950F81C9EED0100CB8BA9 /* CollectionViewController.swift in Sources */ = {isa = PBXBuildFile; fileRef = 726950F71C9EED0100CB8BA9 /* CollectionViewController.swift */; };
/* End PBXBuildFile section */

/* Begin PBXContainerItemProxy section */
		726950D91C9EE9CF00CB8BA9 /* PBXContainerItemProxy */ = {
			isa = PBXContainerItemProxy;
			containerPortal = 726950B91C9EE9CF00CB8BA9 /* Project object */;
			proxyType = 1;
			remoteGlobalIDString = 726950C01C9EE9CF00CB8BA9;
			remoteInfo = MultipleThreadsSample;
		};
		726950E41C9EE9CF00CB8BA9 /* PBXContainerItemProxy */ = {
			isa = PBXContainerItemProxy;
			containerPortal = 726950B91C9EE9CF00CB8BA9 /* Project object */;
			proxyType = 1;
			remoteGlobalIDString = 726950C01C9EE9CF00CB8BA9;
			remoteInfo = MultipleThreadsSample;
		};
/* End PBXContainerItemProxy section */

/* Begin PBXFileReference section */
		726950C11C9EE9CF00CB8BA9 /* MultipleThreadsSample.app */ = {isa = PBXFileReference; explicitFileType = wrapper.application; includeInIndex = 0; path = MultipleThreadsSample.app; sourceTree = BUILT_PRODUCTS_DIR; };
		726950C41C9EE9CF00CB8BA9 /* AppDelegate.swift */ = {isa = PBXFileReference; lastKnownFileType = sourcecode.swift; path = AppDelegate.swift; sourceTree = "<group>"; };
		726950C61C9EE9CF00CB8BA9 /* ViewController.swift */ = {isa = PBXFileReference; lastKnownFileType = sourcecode.swift; path = ViewController.swift; sourceTree = "<group>"; };
		726950C91C9EE9CF00CB8BA9 /* Base */ = {isa = PBXFileReference; lastKnownFileType = file.storyboard; name = Base; path = Base.lproj/Main.storyboard; sourceTree = "<group>"; };
		726950CC1C9EE9CF00CB8BA9 /* MultipleThreadsSample.xcdatamodel */ = {isa = PBXFileReference; lastKnownFileType = wrapper.xcdatamodel; path = MultipleThreadsSample.xcdatamodel; sourceTree = "<group>"; };
		726950CE1C9EE9CF00CB8BA9 /* Assets.xcassets */ = {isa = PBXFileReference; lastKnownFileType = folder.assetcatalog; path = Assets.xcassets; sourceTree = "<group>"; };
		726950D11C9EE9CF00CB8BA9 /* Base */ = {isa = PBXFileReference; lastKnownFileType = file.storyboard; name = Base; path = Base.lproj/LaunchScreen.storyboard; sourceTree = "<group>"; };
		726950D31C9EE9CF00CB8BA9 /* Info.plist */ = {isa = PBXFileReference; lastKnownFileType = text.plist.xml; path = Info.plist; sourceTree = "<group>"; };
		726950D81C9EE9CF00CB8BA9 /* MultipleThreadsSampleTests.xctest */ = {isa = PBXFileReference; explicitFileType = wrapper.cfbundle; includeInIndex = 0; path = MultipleThreadsSampleTests.xctest; sourceTree = BUILT_PRODUCTS_DIR; };
		726950DC1C9EE9CF00CB8BA9 /* MultipleThreadsSampleTests.swift */ = {isa = PBXFileReference; lastKnownFileType = sourcecode.swift; path = MultipleThreadsSampleTests.swift; sourceTree = "<group>"; };
		726950DE1C9EE9CF00CB8BA9 /* Info.plist */ = {isa = PBXFileReference; lastKnownFileType = text.plist.xml; path = Info.plist; sourceTree = "<group>"; };
		726950E31C9EE9CF00CB8BA9 /* MultipleThreadsSampleUITests.xctest */ = {isa = PBXFileReference; explicitFileType = wrapper.cfbundle; includeInIndex = 0; path = MultipleThreadsSampleUITests.xctest; sourceTree = BUILT_PRODUCTS_DIR; };
		726950E71C9EE9CF00CB8BA9 /* MultipleThreadsSampleUITests.swift */ = {isa = PBXFileReference; lastKnownFileType = sourcecode.swift; path = MultipleThreadsSampleUITests.swift; sourceTree = "<group>"; };
		726950E91C9EE9CF00CB8BA9 /* Info.plist */ = {isa = PBXFileReference; lastKnownFileType = text.plist.xml; path = Info.plist; sourceTree = "<group>"; };
		726950F51C9EEBA700CB8BA9 /* TableViewController.swift */ = {isa = PBXFileReference; fileEncoding = 4; lastKnownFileType = sourcecode.swift; path = TableViewController.swift; sourceTree = "<group>"; };
		726950F71C9EED0100CB8BA9 /* CollectionViewController.swift */ = {isa = PBXFileReference; fileEncoding = 4; lastKnownFileType = sourcecode.swift; path = CollectionViewController.swift; sourceTree = "<group>"; };
/* End PBXFileReference section */

/* Begin PBXFrameworksBuildPhase section */
		726950BE1C9EE9CF00CB8BA9 /* Frameworks */ = {
			isa = PBXFrameworksBuildPhase;
			buildActionMask = 2147483647;
			files = (
			);
			runOnlyForDeploymentPostprocessing = 0;
		};
		726950D51C9EE9CF00CB8BA9 /* Frameworks */ = {
			isa = PBXFrameworksBuildPhase;
			buildActionMask = 2147483647;
			files = (
			);
			runOnlyForDeploymentPostprocessing = 0;
		};
		726950E01C9EE9CF00CB8BA9 /* Frameworks */ = {
			isa = PBXFrameworksBuildPhase;
			buildActionMask = 2147483647;
			files = (
			);
			runOnlyForDeploymentPostprocessing = 0;
		};
/* End PBXFrameworksBuildPhase section */

/* Begin PBXGroup section */
		726950B81C9EE9CF00CB8BA9 = {
			isa = PBXGroup;
			children = (
				726950C31C9EE9CF00CB8BA9 /* MultipleThreadsSample */,
				726950DB1C9EE9CF00CB8BA9 /* MultipleThreadsSampleTests */,
				726950E61C9EE9CF00CB8BA9 /* MultipleThreadsSampleUITests */,
				726950C21C9EE9CF00CB8BA9 /* Products */,
			);
			sourceTree = "<group>";
		};
		726950C21C9EE9CF00CB8BA9 /* Products */ = {
			isa = PBXGroup;
			children = (
				726950C11C9EE9CF00CB8BA9 /* MultipleThreadsSample.app */,
				726950D81C9EE9CF00CB8BA9 /* MultipleThreadsSampleTests.xctest */,
				726950E31C9EE9CF00CB8BA9 /* MultipleThreadsSampleUITests.xctest */,
			);
			name = Products;
			sourceTree = "<group>";
		};
		726950C31C9EE9CF00CB8BA9 /* MultipleThreadsSample */ = {
			isa = PBXGroup;
			children = (
				726950C41C9EE9CF00CB8BA9 /* AppDelegate.swift */,
				726950C61C9EE9CF00CB8BA9 /* ViewController.swift */,
				726950F51C9EEBA700CB8BA9 /* TableViewController.swift */,
				726950C81C9EE9CF00CB8BA9 /* Main.storyboard */,
				726950CE1C9EE9CF00CB8BA9 /* Assets.xcassets */,
				726950D01C9EE9CF00CB8BA9 /* LaunchScreen.storyboard */,
				726950D31C9EE9CF00CB8BA9 /* Info.plist */,
				726950CB1C9EE9CF00CB8BA9 /* MultipleThreadsSample.xcdatamodeld */,
				726950F71C9EED0100CB8BA9 /* CollectionViewController.swift */,
			);
			path = MultipleThreadsSample;
			sourceTree = "<group>";
		};
		726950DB1C9EE9CF00CB8BA9 /* MultipleThreadsSampleTests */ = {
			isa = PBXGroup;
			children = (
				726950DC1C9EE9CF00CB8BA9 /* MultipleThreadsSampleTests.swift */,
				726950DE1C9EE9CF00CB8BA9 /* Info.plist */,
			);
			path = MultipleThreadsSampleTests;
			sourceTree = "<group>";
		};
		726950E61C9EE9CF00CB8BA9 /* MultipleThreadsSampleUITests */ = {
			isa = PBXGroup;
			children = (
				726950E71C9EE9CF00CB8BA9 /* MultipleThreadsSampleUITests.swift */,
				726950E91C9EE9CF00CB8BA9 /* Info.plist */,
			);
			path = MultipleThreadsSampleUITests;
			sourceTree = "<group>";
		};
/* End PBXGroup section */

/* Begin PBXNativeTarget section */
		726950C01C9EE9CF00CB8BA9 /* MultipleThreadsSample */ = {
			isa = PBXNativeTarget;
			buildConfigurationList = 726950EC1C9EE9CF00CB8BA9 /* Build configuration list for PBXNativeTarget "MultipleThreadsSample" */;
			buildPhases = (
				726950BD1C9EE9CF00CB8BA9 /* Sources */,
				726950BE1C9EE9CF00CB8BA9 /* Frameworks */,
				726950BF1C9EE9CF00CB8BA9 /* Resources */,
			);
			buildRules = (
			);
			dependencies = (
			);
			name = MultipleThreadsSample;
			productName = MultipleThreadsSample;
			productReference = 726950C11C9EE9CF00CB8BA9 /* MultipleThreadsSample.app */;
			productType = "com.apple.product-type.application";
		};
		726950D71C9EE9CF00CB8BA9 /* MultipleThreadsSampleTests */ = {
			isa = PBXNativeTarget;
			buildConfigurationList = 726950EF1C9EE9CF00CB8BA9 /* Build configuration list for PBXNativeTarget "MultipleThreadsSampleTests" */;
			buildPhases = (
				726950D41C9EE9CF00CB8BA9 /* Sources */,
				726950D51C9EE9CF00CB8BA9 /* Frameworks */,
				726950D61C9EE9CF00CB8BA9 /* Resources */,
			);
			buildRules = (
			);
			dependencies = (
				726950DA1C9EE9CF00CB8BA9 /* PBXTargetDependency */,
			);
			name = MultipleThreadsSampleTests;
			productName = MultipleThreadsSampleTests;
			productReference = 726950D81C9EE9CF00CB8BA9 /* MultipleThreadsSampleTests.xctest */;
			productType = "com.apple.product-type.bundle.unit-test";
		};
		726950E21C9EE9CF00CB8BA9 /* MultipleThreadsSampleUITests */ = {
			isa = PBXNativeTarget;
			buildConfigurationList = 726950F21C9EE9CF00CB8BA9 /* Build configuration list for PBXNativeTarget "MultipleThreadsSampleUITests" */;
			buildPhases = (
				726950DF1C9EE9CF00CB8BA9 /* Sources */,
				726950E01C9EE9CF00CB8BA9 /* Frameworks */,
				726950E11C9EE9CF00CB8BA9 /* Resources */,
			);
			buildRules = (
			);
			dependencies = (
				726950E51C9EE9CF00CB8BA9 /* PBXTargetDependency */,
			);
			name = MultipleThreadsSampleUITests;
			productName = MultipleThreadsSampleUITests;
			productReference = 726950E31C9EE9CF00CB8BA9 /* MultipleThreadsSampleUITests.xctest */;
			productType = "com.apple.product-type.bundle.ui-testing";
		};
/* End PBXNativeTarget section */

/* Begin PBXProject section */
		726950B91C9EE9CF00CB8BA9 /* Project object */ = {
			isa = PBXProject;
			attributes = {
				LastSwiftUpdateCheck = 0720;
				LastUpgradeCheck = 0720;
				ORGANIZATIONNAME = Alex.Chen;
				TargetAttributes = {
					726950C01C9EE9CF00CB8BA9 = {
						CreatedOnToolsVersion = 7.2.1;
					};
					726950D71C9EE9CF00CB8BA9 = {
						CreatedOnToolsVersion = 7.2.1;
						TestTargetID = 726950C01C9EE9CF00CB8BA9;
					};
					726950E21C9EE9CF00CB8BA9 = {
						CreatedOnToolsVersion = 7.2.1;
						TestTargetID = 726950C01C9EE9CF00CB8BA9;
					};
				};
			};
			buildConfigurationList = 726950BC1C9EE9CF00CB8BA9 /* Build configuration list for PBXProject "MultipleThreadsSample" */;
			compatibilityVersion = "Xcode 3.2";
			developmentRegion = English;
			hasScannedForEncodings = 0;
			knownRegions = (
				en,
				Base,
			);
			mainGroup = 726950B81C9EE9CF00CB8BA9;
			productRefGroup = 726950C21C9EE9CF00CB8BA9 /* Products */;
			projectDirPath = "";
			projectRoot = "";
			targets = (
				726950C01C9EE9CF00CB8BA9 /* MultipleThreadsSample */,
				726950D71C9EE9CF00CB8BA9 /* MultipleThreadsSampleTests */,
				726950E21C9EE9CF00CB8BA9 /* MultipleThreadsSampleUITests */,
			);
		};
/* End PBXProject section */

/* Begin PBXResourcesBuildPhase section */
		726950BF1C9EE9CF00CB8BA9 /* Resources */ = {
			isa = PBXResourcesBuildPhase;
			buildActionMask = 2147483647;
			files = (
				726950D21C9EE9CF00CB8BA9 /* LaunchScreen.storyboard in Resources */,
				726950CF1C9EE9CF00CB8BA9 /* Assets.xcassets in Resources */,
				726950CA1C9EE9CF00CB8BA9 /* Main.storyboard in Resources */,
			);
			runOnlyForDeploymentPostprocessing = 0;
		};
		726950D61C9EE9CF00CB8BA9 /* Resources */ = {
			isa = PBXResourcesBuildPhase;
			buildActionMask = 2147483647;
			files = (
			);
			runOnlyForDeploymentPostprocessing = 0;
		};
		726950E11C9EE9CF00CB8BA9 /* Resources */ = {
			isa = PBXResourcesBuildPhase;
			buildActionMask = 2147483647;
			files = (
			);
			runOnlyForDeploymentPostprocessing = 0;
		};
/* End PBXResourcesBuildPhase section */

/* Begin PBXSourcesBuildPhase section */
		726950BD1C9EE9CF00CB8BA9 /* Sources */ = {
			isa = PBXSourcesBuildPhase;
			buildActionMask = 2147483647;
			files = (
				726950CD1C9EE9CF00CB8BA9 /* MultipleThreadsSample.xcdatamodeld in Sources */,
				726950C71C9EE9CF00CB8BA9 /* ViewController.swift in Sources */,
				726950C51C9EE9CF00CB8BA9 /* AppDelegate.swift in Sources */,
				726950F61C9EEBA700CB8BA9 /* TableViewController.swift in Sources */,
				726950F81C9EED0100CB8BA9 /* CollectionViewController.swift in Sources */,
			);
			runOnlyForDeploymentPostprocessing = 0;
		};
		726950D41C9EE9CF00CB8BA9 /* Sources */ = {
			isa = PBXSourcesBuildPhase;
			buildActionMask = 2147483647;
			files = (
				726950DD1C9EE9CF00CB8BA9 /* MultipleThreadsSampleTests.swift in Sources */,
			);
			runOnlyForDeploymentPostprocessing = 0;
		};
		726950DF1C9EE9CF00CB8BA9 /* Sources */ = {
			isa = PBXSourcesBuildPhase;
			buildActionMask = 2147483647;
			files = (
				726950E81C9EE9CF00CB8BA9 /* MultipleThreadsSampleUITests.swift in Sources */,
			);
			runOnlyForDeploymentPostprocessing = 0;
		};
/* End PBXSourcesBuildPhase section */

/* Begin PBXTargetDependency section */
		726950DA1C9EE9CF00CB8BA9 /* PBXTargetDependency */ = {
			isa = PBXTargetDependency;
			target = 726950C01C9EE9CF00CB8BA9 /* MultipleThreadsSample */;
			targetProxy = 726950D91C9EE9CF00CB8BA9 /* PBXContainerItemProxy */;
		};
		726950E51C9EE9CF00CB8BA9 /* PBXTargetDependency */ = {
			isa = PBXTargetDependency;
			target = 726950C01C9EE9CF00CB8BA9 /* MultipleThreadsSample */;
			targetProxy = 726950E41C9EE9CF00CB8BA9 /* PBXContainerItemProxy */;
		};
/* End PBXTargetDependency section */

/* Begin PBXVariantGroup section */
		726950C81C9EE9CF00CB8BA9 /* Main.storyboard */ = {
			isa = PBXVariantGroup;
			children = (
				726950C91C9EE9CF00CB8BA9 /* Base */,
			);
			name = Main.storyboard;
			sourceTree = "<group>";
		};
		726950D01C9EE9CF00CB8BA9 /* LaunchScreen.storyboard */ = {
			isa = PBXVariantGroup;
			children = (
				726950D11C9EE9CF00CB8BA9 /* Base */,
			);
			name = LaunchScreen.storyboard;
			sourceTree = "<group>";
		};
/* End PBXVariantGroup section */

/* Begin XCBuildConfiguration section */
		726950EA1C9EE9CF00CB8BA9 /* Debug */ = {
			isa = XCBuildConfiguration;
			buildSettings = {
				ALWAYS_SEARCH_USER_PATHS = NO;
				CLANG_CXX_LANGUAGE_STANDARD = "gnu++0x";
				CLANG_CXX_LIBRARY = "libc++";
				CLANG_ENABLE_MODULES = YES;
				CLANG_ENABLE_OBJC_ARC = YES;
				CLANG_WARN_BOOL_CONVERSION = YES;
				CLANG_WARN_CONSTANT_CONVERSION = YES;
				CLANG_WARN_DIRECT_OBJC_ISA_USAGE = YES_ERROR;
				CLANG_WARN_EMPTY_BODY = YES;
				CLANG_WARN_ENUM_CONVERSION = YES;
				CLANG_WARN_INT_CONVERSION = YES;
				CLANG_WARN_OBJC_ROOT_CLASS = YES_ERROR;
				CLANG_WARN_UNREACHABLE_CODE = YES;
				CLANG_WARN__DUPLICATE_METHOD_MATCH = YES;
				"CODE_SIGN_IDENTITY[sdk=iphoneos*]" = "iPhone Developer";
				COPY_PHASE_STRIP = NO;
				DEBUG_INFORMATION_FORMAT = dwarf;
				ENABLE_STRICT_OBJC_MSGSEND = YES;
				ENABLE_TESTABILITY = YES;
				GCC_C_LANGUAGE_STANDARD = gnu99;
				GCC_DYNAMIC_NO_PIC = NO;
				GCC_NO_COMMON_BLOCKS = YES;
				GCC_OPTIMIZATION_LEVEL = 0;
				GCC_PREPROCESSOR_DEFINITIONS = (
					"DEBUG=1",
					"$(inherited)",
				);
				GCC_WARN_64_TO_32_BIT_CONVERSION = YES;
				GCC_WARN_ABOUT_RETURN_TYPE = YES_ERROR;
				GCC_WARN_UNDECLARED_SELECTOR = YES;
				GCC_WARN_UNINITIALIZED_AUTOS = YES_AGGRESSIVE;
				GCC_WARN_UNUSED_FUNCTION = YES;
				GCC_WARN_UNUSED_VARIABLE = YES;
				IPHONEOS_DEPLOYMENT_TARGET = 9.2;
				MTL_ENABLE_DEBUG_INFO = YES;
				ONLY_ACTIVE_ARCH = YES;
				SDKROOT = iphoneos;
				SWIFT_OPTIMIZATION_LEVEL = "-Onone";
			};
			name = Debug;
		};
		726950EB1C9EE9CF00CB8BA9 /* Release */ = {
			isa = XCBuildConfiguration;
			buildSettings = {
				ALWAYS_SEARCH_USER_PATHS = NO;
				CLANG_CXX_LANGUAGE_STANDARD = "gnu++0x";
				CLANG_CXX_LIBRARY = "libc++";
				CLANG_ENABLE_MODULES = YES;
				CLANG_ENABLE_OBJC_ARC = YES;
				CLANG_WARN_BOOL_CONVERSION = YES;
				CLANG_WARN_CONSTANT_CONVERSION = YES;
				CLANG_WARN_DIRECT_OBJC_ISA_USAGE = YES_ERROR;
				CLANG_WARN_EMPTY_BODY = YES;
				CLANG_WARN_ENUM_CONVERSION = YES;
				CLANG_WARN_INT_CONVERSION = YES;
				CLANG_WARN_OBJC_ROOT_CLASS = YES_ERROR;
				CLANG_WARN_UNREACHABLE_CODE = YES;
				CLANG_WARN__DUPLICATE_METHOD_MATCH = YES;
				"CODE_SIGN_IDENTITY[sdk=iphoneos*]" = "iPhone Developer";
				COPY_PHASE_STRIP = NO;
				DEBUG_INFORMATION_FORMAT = "dwarf-with-dsym";
				ENABLE_NS_ASSERTIONS = NO;
				ENABLE_STRICT_OBJC_MSGSEND = YES;
				GCC_C_LANGUAGE_STANDARD = gnu99;
				GCC_NO_COMMON_BLOCKS = YES;
				GCC_WARN_64_TO_32_BIT_CONVERSION = YES;
				GCC_WARN_ABOUT_RETURN_TYPE = YES_ERROR;
				GCC_WARN_UNDECLARED_SELECTOR = YES;
				GCC_WARN_UNINITIALIZED_AUTOS = YES_AGGRESSIVE;
				GCC_WARN_UNUSED_FUNCTION = YES;
				GCC_WARN_UNUSED_VARIABLE = YES;
				IPHONEOS_DEPLOYMENT_TARGET = 9.2;
				MTL_ENABLE_DEBUG_INFO = NO;
				SDKROOT = iphoneos;
				VALIDATE_PRODUCT = YES;
			};
			name = Release;
		};
		726950ED1C9EE9CF00CB8BA9 /* Debug */ = {
			isa = XCBuildConfiguration;
			buildSettings = {
				ASSETCATALOG_COMPILER_APPICON_NAME = AppIcon;
				INFOPLIST_FILE = MultipleThreadsSample/Info.plist;
				LD_RUNPATH_SEARCH_PATHS = "$(inherited) @executable_path/Frameworks";
				PRODUCT_BUNDLE_IDENTIFIER = Alex.Chen.MultipleThreadsSample;
				PRODUCT_NAME = "$(TARGET_NAME)";
			};
			name = Debug;
		};
		726950EE1C9EE9CF00CB8BA9 /* Release */ = {
			isa = XCBuildConfiguration;
			buildSettings = {
				ASSETCATALOG_COMPILER_APPICON_NAME = AppIcon;
				INFOPLIST_FILE = MultipleThreadsSample/Info.plist;
				LD_RUNPATH_SEARCH_PATHS = "$(inherited) @executable_path/Frameworks";
				PRODUCT_BUNDLE_IDENTIFIER = Alex.Chen.MultipleThreadsSample;
				PRODUCT_NAME = "$(TARGET_NAME)";
			};
			name = Release;
		};
		726950F01C9EE9CF00CB8BA9 /* Debug */ = {
			isa = XCBuildConfiguration;
			buildSettings = {
				BUNDLE_LOADER = "$(TEST_HOST)";
				INFOPLIST_FILE = MultipleThreadsSampleTests/Info.plist;
				LD_RUNPATH_SEARCH_PATHS = "$(inherited) @executable_path/Frameworks @loader_path/Frameworks";
				PRODUCT_BUNDLE_IDENTIFIER = Alex.Chen.MultipleThreadsSampleTests;
				PRODUCT_NAME = "$(TARGET_NAME)";
				TEST_HOST = "$(BUILT_PRODUCTS_DIR)/MultipleThreadsSample.app/MultipleThreadsSample";
			};
			name = Debug;
		};
		726950F11C9EE9CF00CB8BA9 /* Release */ = {
			isa = XCBuildConfiguration;
			buildSettings = {
				BUNDLE_LOADER = "$(TEST_HOST)";
				INFOPLIST_FILE = MultipleThreadsSampleTests/Info.plist;
				LD_RUNPATH_SEARCH_PATHS = "$(inherited) @executable_path/Frameworks @loader_path/Frameworks";
				PRODUCT_BUNDLE_IDENTIFIER = Alex.Chen.MultipleThreadsSampleTests;
				PRODUCT_NAME = "$(TARGET_NAME)";
				TEST_HOST = "$(BUILT_PRODUCTS_DIR)/MultipleThreadsSample.app/MultipleThreadsSample";
			};
			name = Release;
		};
		726950F31C9EE9CF00CB8BA9 /* Debug */ = {
			isa = XCBuildConfiguration;
			buildSettings = {
				INFOPLIST_FILE = MultipleThreadsSampleUITests/Info.plist;
				LD_RUNPATH_SEARCH_PATHS = "$(inherited) @executable_path/Frameworks @loader_path/Frameworks";
				PRODUCT_BUNDLE_IDENTIFIER = Alex.Chen.MultipleThreadsSampleUITests;
				PRODUCT_NAME = "$(TARGET_NAME)";
				TEST_TARGET_NAME = MultipleThreadsSample;
				USES_XCTRUNNER = YES;
			};
			name = Debug;
		};
		726950F41C9EE9CF00CB8BA9 /* Release */ = {
			isa = XCBuildConfiguration;
			buildSettings = {
				INFOPLIST_FILE = MultipleThreadsSampleUITests/Info.plist;
				LD_RUNPATH_SEARCH_PATHS = "$(inherited) @executable_path/Frameworks @loader_path/Frameworks";
				PRODUCT_BUNDLE_IDENTIFIER = Alex.Chen.MultipleThreadsSampleUITests;
				PRODUCT_NAME = "$(TARGET_NAME)";
				TEST_TARGET_NAME = MultipleThreadsSample;
				USES_XCTRUNNER = YES;
			};
			name = Release;
		};
/* End XCBuildConfiguration section */

/* Begin XCConfigurationList section */
		726950BC1C9EE9CF00CB8BA9 /* Build configuration list for PBXProject "MultipleThreadsSample" */ = {
			isa = XCConfigurationList;
			buildConfigurations = (
				726950EA1C9EE9CF00CB8BA9 /* Debug */,
				726950EB1C9EE9CF00CB8BA9 /* Release */,
			);
			defaultConfigurationIsVisible = 0;
			defaultConfigurationName = Release;
		};
		726950EC1C9EE9CF00CB8BA9 /* Build configuration list for PBXNativeTarget "MultipleThreadsSample" */ = {
			isa = XCConfigurationList;
			buildConfigurations = (
				726950ED1C9EE9CF00CB8BA9 /* Debug */,
				726950EE1C9EE9CF00CB8BA9 /* Release */,
			);
			defaultConfigurationIsVisible = 0;
		};
		726950EF1C9EE9CF00CB8BA9 /* Build configuration list for PBXNativeTarget "MultipleThreadsSampleTests" */ = {
			isa = XCConfigurationList;
			buildConfigurations = (
				726950F01C9EE9CF00CB8BA9 /* Debug */,
				726950F11C9EE9CF00CB8BA9 /* Release */,
			);
			defaultConfigurationIsVisible = 0;
		};
		726950F21C9EE9CF00CB8BA9 /* Build configuration list for PBXNativeTarget "MultipleThreadsSampleUITests" */ = {
			isa = XCConfigurationList;
			buildConfigurations = (
				726950F31C9EE9CF00CB8BA9 /* Debug */,
				726950F41C9EE9CF00CB8BA9 /* Release */,
			);
			defaultConfigurationIsVisible = 0;
		};
/* End XCConfigurationList section */

/* Begin XCVersionGroup section */
		726950CB1C9EE9CF00CB8BA9 /* MultipleThreadsSample.xcdatamodeld */ = {
			isa = XCVersionGroup;
			children = (
				726950CC1C9EE9CF00CB8BA9 /* MultipleThreadsSample.xcdatamodel */,
			);
			currentVersion = 726950CC1C9EE9CF00CB8BA9 /* MultipleThreadsSample.xcdatamodel */;
			path = MultipleThreadsSample.xcdatamodeld;
			sourceTree = "<group>";
			versionGroupType = wrapper.xcdatamodel;
		};
/* End XCVersionGroup section */
	};
	rootObject = 726950B91C9EE9CF00CB8BA9 /* Project object */;
}
